
Microsoft Visual Studio Solution File, Format Version 12.00
# Visual Studio 15
VisualStudioVersion = 15.0.25807.0
MinimumVisualStudioVersion = 10.0.40219.1
Project("{2150E333-8FDC-42A3-9474-1A3956D46DE8}") = "Engine", "Engine", "{0B1D3B59-9BCC-4B22-B1A4-0176F8AF4A2E}"
EndProject
Project("{2150E333-8FDC-42A3-9474-1A3956D46DE8}") = "Games", "Games", "{8D5CDBEC-576F-4126-8ADC-747A5FAD335B}"
EndProject
Project("{8BC9CEB8-8B4A-11D0-8D11-00A0C91BC942}") = "UE4", "Intermediate\ProjectFiles\UE4.vcxproj", "{868323D1-9EBB-4337-8573-D1E269DBF304}"
EndProject
Project("{8BC9CEB8-8B4A-11D0-8D11-00A0C91BC942}") = "Farm", "Intermediate\ProjectFiles\Farm.vcxproj", "{DB44C91A-FF1E-491B-AE8D-085749EE3A3E}"
EndProject
Project("{2150E333-8FDC-42A3-9474-1A3956D46DE8}") = "Visualizers", "Visualizers", "{8C250810-4E80-497A-8A0C-46EC35DA31F2}"
	ProjectSection(SolutionItems) = preProject
		..\..\..\..\..\..\..\Program Files\Epic Games\UE_4.24\Engine\Extras\VisualStudioDebugging\UE4.natvis = ..\..\..\..\..\..\..\Program Files\Epic Games\UE_4.24\Engine\Extras\VisualStudioDebugging\UE4.natvis
	EndProjectSection
EndProject
Global
	GlobalSection(SolutionConfigurationPlatforms) = preSolution
		DebugGame Editor|Win32 = DebugGame Editor|Win32
		DebugGame Editor|Win64 = DebugGame Editor|Win64
		DebugGame|Win32 = DebugGame|Win32
		DebugGame|Win64 = DebugGame|Win64
		Development Editor|Win32 = Development Editor|Win32
		Development Editor|Win64 = Development Editor|Win64
		Development|Win32 = Development|Win32
		Development|Win64 = Development|Win64
		Shipping|Win32 = Shipping|Win32
		Shipping|Win64 = Shipping|Win64
	EndGlobalSection
	GlobalSection(ProjectConfigurationPlatforms) = postSolution
		{868323D1-9EBB-4337-8573-D1E269DBF304}.DebugGame Editor|Win32.ActiveCfg = BuiltWithUnrealBuildTool|Win32
		{868323D1-9EBB-4337-8573-D1E269DBF304}.DebugGame Editor|Win64.ActiveCfg = BuiltWithUnrealBuildTool|Win32
		{868323D1-9EBB-4337-8573-D1E269DBF304}.DebugGame|Win32.ActiveCfg = BuiltWithUnrealBuildTool|Win32
		{868323D1-9EBB-4337-8573-D1E269DBF304}.DebugGame|Win64.ActiveCfg = BuiltWithUnrealBuildTool|Win32
		{868323D1-9EBB-4337-8573-D1E269DBF304}.Development Editor|Win32.ActiveCfg = BuiltWithUnrealBuildTool|Win32
		{868323D1-9EBB-4337-8573-D1E269DBF304}.Development Editor|Win64.ActiveCfg = BuiltWithUnrealBuildTool|Win32
		{868323D1-9EBB-4337-8573-D1E269DBF304}.Development|Win32.ActiveCfg = BuiltWithUnrealBuildTool|Win32
		{868323D1-9EBB-4337-8573-D1E269DBF304}.Development|Win64.ActiveCfg = BuiltWithUnrealBuildTool|Win32
		{868323D1-9EBB-4337-8573-D1E269DBF304}.Shipping|Win32.ActiveCfg = BuiltWithUnrealBuildTool|Win32
		{868323D1-9EBB-4337-8573-D1E269DBF304}.Shipping|Win64.ActiveCfg = BuiltWithUnrealBuildTool|Win32
		{DB44C91A-FF1E-491B-AE8D-085749EE3A3E}.DebugGame Editor|Win32.ActiveCfg = Invalid|Win32
		{DB44C91A-FF1E-491B-AE8D-085749EE3A3E}.DebugGame Editor|Win64.ActiveCfg = DebugGame_Editor|x64
		{DB44C91A-FF1E-491B-AE8D-085749EE3A3E}.DebugGame Editor|Win64.Build.0 = DebugGame_Editor|x64
		{DB44C91A-FF1E-491B-AE8D-085749EE3A3E}.DebugGame|Win32.ActiveCfg = DebugGame|Win32
		{DB44C91A-FF1E-491B-AE8D-085749EE3A3E}.DebugGame|Win32.Build.0 = DebugGame|Win32
		{DB44C91A-FF1E-491B-AE8D-085749EE3A3E}.DebugGame|Win64.ActiveCfg = DebugGame|x64
		{DB44C91A-FF1E-491B-AE8D-085749EE3A3E}.DebugGame|Win64.Build.0 = DebugGame|x64
		{DB44C91A-FF1E-491B-AE8D-085749EE3A3E}.Development Editor|Win32.ActiveCfg = Invalid|Win32
		{DB44C91A-FF1E-491B-AE8D-085749EE3A3E}.Development Editor|Win64.ActiveCfg = Development_Editor|x64
		{DB44C91A-FF1E-491B-AE8D-085749EE3A3E}.Development Editor|Win64.Build.0 = Development_Editor|x64
		{DB44C91A-FF1E-491B-AE8D-085749EE3A3E}.Development|Win32.ActiveCfg = Development|Win32
		{DB44C91A-FF1E-491B-AE8D-085749EE3A3E}.Development|Win32.Build.0 = Development|Win32
		{DB44C91A-FF1E-491B-AE8D-085749EE3A3E}.Development|Win64.ActiveCfg = Development|x64
		{DB44C91A-FF1E-491B-AE8D-085749EE3A3E}.Development|Win64.Build.0 = Development|x64
		{DB44C91A-FF1E-491B-AE8D-085749EE3A3E}.Shipping|Win32.ActiveCfg = Shipping|Win32
		{DB44C91A-FF1E-491B-AE8D-085749EE3A3E}.Shipping|Win32.Build.0 = Shipping|Win32
		{DB44C91A-FF1E-491B-AE8D-085749EE3A3E}.Shipping|Win64.ActiveCfg = Shipping|x64
		{DB44C91A-FF1E-491B-AE8D-085749EE3A3E}.Shipping|Win64.Build.0 = Shipping|x64
	EndGlobalSection
	GlobalSection(SolutionProperties) = preSolution
		HideSolutionNode = FALSE
	EndGlobalSection
	GlobalSection(NestedProjects) = preSolution
		{868323D1-9EBB-4337-8573-D1E269DBF304} = {0B1D3B59-9BCC-4B22-B1A4-0176F8AF4A2E}
		{DB44C91A-FF1E-491B-AE8D-085749EE3A3E} = {8D5CDBEC-576F-4126-8ADC-747A5FAD335B}
	EndGlobalSection
EndGlobal
